
Microsoft Visual Studio Solution File, Format Version 12.00
# Visual Studio 14
VisualStudioVersion = 14.0.25420.1
MinimumVisualStudioVersion = 10.0.40219.1
Project("{2150E333-8FDC-42A3-9474-1A3956D46DE8}") = "Resources", "Resources", "{EDCC344D-ED9C-4351-8680-27FD48119D17}"
	ProjectSection(SolutionItems) = preProject
		ExampleMaze.txt = ExampleMaze.txt
	EndProjectSection
EndProject
Project("{FAE04EC0-301F-11D3-BF4B-00C04F79EFBC}") = "Maze", "Maze\Maze.csproj", "{026D1B35-A41B-4872-85A2-4FA3A6847074}"
EndProject
Project("{FAE04EC0-301F-11D3-BF4B-00C04F79EFBC}") = "Maze.ConsoleClient", "Maze.ConsoleClient\Maze.ConsoleClient.csproj", "{75799ED2-5E0C-4AC1-B922-CF5DF2F973A1}"
EndProject
Global
	GlobalSection(SolutionConfigurationPlatforms) = preSolution
		Debug|Any CPU = Debug|Any CPU
		Release|Any CPU = Release|Any CPU
	EndGlobalSection
	GlobalSection(ProjectConfigurationPlatforms) = postSolution
		{026D1B35-A41B-4872-85A2-4FA3A6847074}.Debug|Any CPU.ActiveCfg = Debug|Any CPU
		{026D1B35-A41B-4872-85A2-4FA3A6847074}.Debug|Any CPU.Build.0 = Debug|Any CPU
		{026D1B35-A41B-4872-85A2-4FA3A6847074}.Release|Any CPU.ActiveCfg = Release|Any CPU
		{026D1B35-A41B-4872-85A2-4FA3A6847074}.Release|Any CPU.Build.0 = Release|Any CPU
		{75799ED2-5E0C-4AC1-B922-CF5DF2F973A1}.Debug|Any CPU.ActiveCfg = Debug|Any CPU
		{75799ED2-5E0C-4AC1-B922-CF5DF2F973A1}.Debug|Any CPU.Build.0 = Debug|Any CPU
		{75799ED2-5E0C-4AC1-B922-CF5DF2F973A1}.Release|Any CPU.ActiveCfg = Release|Any CPU
		{75799ED2-5E0C-4AC1-B922-CF5DF2F973A1}.Release|Any CPU.Build.0 = Release|Any CPU
	EndGlobalSection
	GlobalSection(SolutionProperties) = preSolution
		HideSolutionNode = FALSE
	EndGlobalSection
EndGlobal
